
Microsoft Visual Studio Solution File, Format Version 12.00
# Visual Studio 14
VisualStudioVersion = 14.0.25420.1
MinimumVisualStudioVersion = 10.0.40219.1
Project("{2150E333-8FDC-42A3-9474-1A3956D46DE8}") = "src", "src", "{64407C51-F286-44C1-8F71-F617C21C76CD}"
EndProject
Project("{2150E333-8FDC-42A3-9474-1A3956D46DE8}") = "Solution Items", "Solution Items", "{095A4206-A347-4DE7-9EBE-C66889497E57}"
	ProjectSection(SolutionItems) = preProject
		global.json = global.json
	EndProjectSection
EndProject
Project("{8BB2217D-0F2D-49D1-97BC-3654ED321F3B}") = "WebApplication22", "src\IntroductionToASP.NETCore1.0\WebApplication22.xproj", "{5B46B309-B60C-4331-AD73-4481322B856E}"
EndProject
Global
	GlobalSection(SolutionConfigurationPlatforms) = preSolution
		Debug|Any CPU = Debug|Any CPU
		Release|Any CPU = Release|Any CPU
	EndGlobalSection
	GlobalSection(ProjectConfigurationPlatforms) = postSolution
		{5B46B309-B60C-4331-AD73-4481322B856E}.Debug|Any CPU.ActiveCfg = Debug|Any CPU
		{5B46B309-B60C-4331-AD73-4481322B856E}.Debug|Any CPU.Build.0 = Debug|Any CPU
		{5B46B309-B60C-4331-AD73-4481322B856E}.Release|Any CPU.ActiveCfg = Release|Any CPU
		{5B46B309-B60C-4331-AD73-4481322B856E}.Release|Any CPU.Build.0 = Release|Any CPU
	EndGlobalSection
	GlobalSection(SolutionProperties) = preSolution
		HideSolutionNode = FALSE
	EndGlobalSection
	GlobalSection(NestedProjects) = preSolution
		{5B46B309-B60C-4331-AD73-4481322B856E} = {64407C51-F286-44C1-8F71-F617C21C76CD}
	EndGlobalSection
EndGlobal
